{
  "version": 4,
  "terraform_version": "1.14.3",
  "serial": 49,
  "lineage": "c1adb933-0bf2-ddb1-8069-40808542960f",
  "outputs": {
    "admin_client_secret": {
      "value": "iE5FAhdyBraFTWQtGrVGVTJd6gLHCUoH",
      "type": "string",
      "sensitive": true
    }
  },
  "resources": [
    {
      "mode": "data",
      "type": "keycloak_openid_client",
      "name": "admin_client",
      "provider": "provider[\"registry.terraform.io/mrparkers/keycloak\"]",
      "instances": [
        {
          "schema_version": 0,
          "attributes": {
            "access_token_lifespan": "",
            "access_type": "CONFIDENTIAL",
            "admin_url": "",
            "authentication_flow_binding_overrides": [],
            "authorization": [],
            "backchannel_logout_revoke_offline_sessions": false,
            "backchannel_logout_session_required": true,
            "backchannel_logout_url": "",
            "base_url": "",
            "client_authenticator_type": "client-secret",
            "client_id": "adminClient",
            "client_offline_session_idle_timeout": "",
            "client_offline_session_max_lifespan": "",
            "client_secret": "iE5FAhdyBraFTWQtGrVGVTJd6gLHCUoH",
            "client_session_idle_timeout": "",
            "client_session_max_lifespan": "",
            "consent_required": false,
            "consent_screen_text": "",
            "description": "",
            "direct_access_grants_enabled": true,
            "display_on_consent_screen": false,
            "enabled": true,
            "exclude_session_state_from_auth_response": null,
            "extra_config": {
              "client.secret.creation.time": "1768287813"
            },
            "frontchannel_logout_enabled": false,
            "frontchannel_logout_url": "",
            "full_scope_allowed": true,
            "id": "260b0485-20a0-47ef-8298-5cceac245a99",
            "implicit_flow_enabled": false,
            "login_theme": "",
            "name": "",
            "oauth2_device_authorization_grant_enabled": false,
            "oauth2_device_code_lifespan": "",
            "oauth2_device_polling_interval": "",
            "pkce_code_challenge_method": null,
            "realm_id": "credebl-platform",
            "resource_server_id": null,
            "root_url": "http://192.168.1.105:8080",
            "service_account_user_id": "4d73cc8e-7774-4321-a3f3-c43f981fbb9b",
            "service_accounts_enabled": true,
            "standard_flow_enabled": true,
            "use_refresh_tokens": true,
            "use_refresh_tokens_client_credentials": false,
            "valid_post_logout_redirect_uris": [],
            "valid_redirect_uris": [
              "http://192.168.1.105:3000"
            ],
            "web_origins": [
              "http://192.168.1.105:8080"
            ]
          },
          "sensitive_attributes": [
            [
              {
                "type": "get_attr",
                "value": "client_secret"
              }
            ]
          ],
          "identity_schema_version": 0
        }
      ]
    },
    {
      "mode": "data",
      "type": "keycloak_openid_client",
      "name": "realm_management_client",
      "provider": "provider[\"registry.terraform.io/mrparkers/keycloak\"]",
      "instances": [
        {
          "schema_version": 0,
          "attributes": {
            "access_token_lifespan": "",
            "access_type": "BEARER-ONLY",
            "admin_url": "",
            "authentication_flow_binding_overrides": [],
            "authorization": [],
            "backchannel_logout_revoke_offline_sessions": false,
            "backchannel_logout_session_required": false,
            "backchannel_logout_url": "",
            "base_url": "",
            "client_authenticator_type": "client-secret",
            "client_id": "realm-management",
            "client_offline_session_idle_timeout": "",
            "client_offline_session_max_lifespan": "",
            "client_secret": "",
            "client_session_idle_timeout": "",
            "client_session_max_lifespan": "",
            "consent_required": false,
            "consent_screen_text": "",
            "description": "",
            "direct_access_grants_enabled": false,
            "display_on_consent_screen": false,
            "enabled": true,
            "exclude_session_state_from_auth_response": null,
            "extra_config": {},
            "frontchannel_logout_enabled": false,
            "frontchannel_logout_url": "",
            "full_scope_allowed": false,
            "id": "7d44d55b-04f2-49c5-86d1-c9e847b2c810",
            "implicit_flow_enabled": false,
            "login_theme": "",
            "name": "${client_realm-management}",
            "oauth2_device_authorization_grant_enabled": false,
            "oauth2_device_code_lifespan": "",
            "oauth2_device_polling_interval": "",
            "pkce_code_challenge_method": null,
            "realm_id": "credebl-platform",
            "resource_server_id": null,
            "root_url": "",
            "service_account_user_id": "",
            "service_accounts_enabled": false,
            "standard_flow_enabled": true,
            "use_refresh_tokens": false,
            "use_refresh_tokens_client_credentials": false,
            "valid_post_logout_redirect_uris": [],
            "valid_redirect_uris": [],
            "web_origins": []
          },
          "sensitive_attributes": [
            [
              {
                "type": "get_attr",
                "value": "client_secret"
              }
            ]
          ],
          "identity_schema_version": 0
        }
      ]
    },
    {
      "mode": "managed",
      "type": "keycloak_openid_client",
      "name": "my_client",
      "provider": "provider[\"registry.terraform.io/mrparkers/keycloak\"]",
      "instances": [
        {
          "schema_version": 0,
          "attributes": {
            "access_token_lifespan": "",
            "access_type": "CONFIDENTIAL",
            "admin_url": "",
            "authentication_flow_binding_overrides": [],
            "authorization": [],
            "backchannel_logout_revoke_offline_sessions": false,
            "backchannel_logout_session_required": true,
            "backchannel_logout_url": "",
            "base_url": "",
            "client_authenticator_type": "client-secret",
            "client_id": "adminClient",
            "client_offline_session_idle_timeout": "",
            "client_offline_session_max_lifespan": "",
            "client_secret": "iE5FAhdyBraFTWQtGrVGVTJd6gLHCUoH",
            "client_session_idle_timeout": "",
            "client_session_max_lifespan": "",
            "consent_required": false,
            "consent_screen_text": "",
            "description": "",
            "direct_access_grants_enabled": true,
            "display_on_consent_screen": false,
            "enabled": true,
            "exclude_session_state_from_auth_response": null,
            "extra_config": null,
            "frontchannel_logout_enabled": false,
            "frontchannel_logout_url": "",
            "full_scope_allowed": true,
            "id": "260b0485-20a0-47ef-8298-5cceac245a99",
            "implicit_flow_enabled": false,
            "import": false,
            "login_theme": "",
            "name": "",
            "oauth2_device_authorization_grant_enabled": false,
            "oauth2_device_code_lifespan": "",
            "oauth2_device_polling_interval": "",
            "pkce_code_challenge_method": null,
            "realm_id": "credebl-platform",
            "resource_server_id": null,
            "root_url": "http://192.168.1.105:8080",
            "service_account_user_id": "4d73cc8e-7774-4321-a3f3-c43f981fbb9b",
            "service_accounts_enabled": true,
            "standard_flow_enabled": true,
            "use_refresh_tokens": true,
            "use_refresh_tokens_client_credentials": false,
            "valid_post_logout_redirect_uris": [],
            "valid_redirect_uris": [
              "http://192.168.1.105:3000"
            ],
            "web_origins": [
              "http://192.168.1.105:8080"
            ]
          },
          "sensitive_attributes": [
            [
              {
                "type": "get_attr",
                "value": "client_secret"
              }
            ]
          ],
          "identity_schema_version": 0,
          "private": "bnVsbA==",
          "dependencies": [
            "keycloak_realm.my_realm"
          ]
        }
      ]
    },
    {
      "mode": "managed",
      "type": "keycloak_openid_client_service_account_role",
      "name": "create_client_role",
      "provider": "provider[\"registry.terraform.io/mrparkers/keycloak\"]",
      "instances": [
        {
          "schema_version": 0,
          "attributes": {
            "client_id": "7d44d55b-04f2-49c5-86d1-c9e847b2c810",
            "id": "4d73cc8e-7774-4321-a3f3-c43f981fbb9b/da19f57c-3105-42df-b9ab-ad7282d795a7",
            "realm_id": "credebl-platform",
            "role": "create-client",
            "service_account_user_id": "4d73cc8e-7774-4321-a3f3-c43f981fbb9b"
          },
          "sensitive_attributes": [],
          "identity_schema_version": 0,
          "private": "bnVsbA==",
          "dependencies": [
            "data.keycloak_openid_client.realm_management_client",
            "keycloak_openid_client.my_client",
            "keycloak_realm.my_realm"
          ]
        }
      ]
    },
    {
      "mode": "managed",
      "type": "keycloak_openid_client_service_account_role",
      "name": "manage_clients_role",
      "provider": "provider[\"registry.terraform.io/mrparkers/keycloak\"]",
      "instances": [
        {
          "schema_version": 0,
          "attributes": {
            "client_id": "7d44d55b-04f2-49c5-86d1-c9e847b2c810",
            "id": "4d73cc8e-7774-4321-a3f3-c43f981fbb9b/8d3c8271-f63c-4253-aa83-b1647db2803b",
            "realm_id": "credebl-platform",
            "role": "manage-clients",
            "service_account_user_id": "4d73cc8e-7774-4321-a3f3-c43f981fbb9b"
          },
          "sensitive_attributes": [],
          "identity_schema_version": 0,
          "private": "bnVsbA==",
          "dependencies": [
            "data.keycloak_openid_client.realm_management_client",
            "keycloak_openid_client.my_client",
            "keycloak_realm.my_realm"
          ]
        }
      ]
    },
    {
      "mode": "managed",
      "type": "keycloak_openid_client_service_account_role",
      "name": "manage_users_role",
      "provider": "provider[\"registry.terraform.io/mrparkers/keycloak\"]",
      "instances": [
        {
          "schema_version": 0,
          "attributes": {
            "client_id": "7d44d55b-04f2-49c5-86d1-c9e847b2c810",
            "id": "4d73cc8e-7774-4321-a3f3-c43f981fbb9b/fd6a8df5-4a21-4162-97bd-ceffb60dfcf6",
            "realm_id": "credebl-platform",
            "role": "manage-users",
            "service_account_user_id": "4d73cc8e-7774-4321-a3f3-c43f981fbb9b"
          },
          "sensitive_attributes": [],
          "identity_schema_version": 0,
          "private": "bnVsbA==",
          "dependencies": [
            "data.keycloak_openid_client.realm_management_client",
            "keycloak_openid_client.my_client",
            "keycloak_realm.my_realm"
          ]
        }
      ]
    },
    {
      "mode": "managed",
      "type": "keycloak_openid_client_service_account_role",
      "name": "query_clients_role",
      "provider": "provider[\"registry.terraform.io/mrparkers/keycloak\"]",
      "instances": [
        {
          "schema_version": 0,
          "attributes": {
            "client_id": "7d44d55b-04f2-49c5-86d1-c9e847b2c810",
            "id": "4d73cc8e-7774-4321-a3f3-c43f981fbb9b/f50c797d-110e-412e-b8e4-e955bdf0e64e",
            "realm_id": "credebl-platform",
            "role": "query-clients",
            "service_account_user_id": "4d73cc8e-7774-4321-a3f3-c43f981fbb9b"
          },
          "sensitive_attributes": [],
          "identity_schema_version": 0,
          "private": "bnVsbA==",
          "dependencies": [
            "data.keycloak_openid_client.realm_management_client",
            "keycloak_openid_client.my_client",
            "keycloak_realm.my_realm"
          ]
        }
      ]
    },
    {
      "mode": "managed",
      "type": "keycloak_openid_client_service_account_role",
      "name": "query_users_role",
      "provider": "provider[\"registry.terraform.io/mrparkers/keycloak\"]",
      "instances": [
        {
          "schema_version": 0,
          "attributes": {
            "client_id": "7d44d55b-04f2-49c5-86d1-c9e847b2c810",
            "id": "4d73cc8e-7774-4321-a3f3-c43f981fbb9b/0ea23c51-0637-4649-9065-0b10140a1227",
            "realm_id": "credebl-platform",
            "role": "query-users",
            "service_account_user_id": "4d73cc8e-7774-4321-a3f3-c43f981fbb9b"
          },
          "sensitive_attributes": [],
          "identity_schema_version": 0,
          "private": "bnVsbA==",
          "dependencies": [
            "data.keycloak_openid_client.realm_management_client",
            "keycloak_openid_client.my_client",
            "keycloak_realm.my_realm"
          ]
        }
      ]
    },
    {
      "mode": "managed",
      "type": "keycloak_openid_client_service_account_role",
      "name": "view_clients_role",
      "provider": "provider[\"registry.terraform.io/mrparkers/keycloak\"]",
      "instances": [
        {
          "schema_version": 0,
          "attributes": {
            "client_id": "7d44d55b-04f2-49c5-86d1-c9e847b2c810",
            "id": "4d73cc8e-7774-4321-a3f3-c43f981fbb9b/35d557f8-b1e7-4af2-840b-c318324a62be",
            "realm_id": "credebl-platform",
            "role": "view-clients",
            "service_account_user_id": "4d73cc8e-7774-4321-a3f3-c43f981fbb9b"
          },
          "sensitive_attributes": [],
          "identity_schema_version": 0,
          "private": "bnVsbA==",
          "dependencies": [
            "data.keycloak_openid_client.realm_management_client",
            "keycloak_openid_client.my_client",
            "keycloak_realm.my_realm"
          ]
        }
      ]
    },
    {
      "mode": "managed",
      "type": "keycloak_openid_client_service_account_role",
      "name": "view_users_role",
      "provider": "provider[\"registry.terraform.io/mrparkers/keycloak\"]",
      "instances": [
        {
          "schema_version": 0,
          "attributes": {
            "client_id": "7d44d55b-04f2-49c5-86d1-c9e847b2c810",
            "id": "4d73cc8e-7774-4321-a3f3-c43f981fbb9b/405cca10-fb7c-45a7-a2be-0927510de384",
            "realm_id": "credebl-platform",
            "role": "view-users",
            "service_account_user_id": "4d73cc8e-7774-4321-a3f3-c43f981fbb9b"
          },
          "sensitive_attributes": [],
          "identity_schema_version": 0,
          "private": "bnVsbA==",
          "dependencies": [
            "data.keycloak_openid_client.realm_management_client",
            "keycloak_openid_client.my_client",
            "keycloak_realm.my_realm"
          ]
        }
      ]
    },
    {
      "mode": "managed",
      "type": "keycloak_realm",
      "name": "my_realm",
      "provider": "provider[\"registry.terraform.io/mrparkers/keycloak\"]",
      "instances": [
        {
          "schema_version": 0,
          "attributes": {
            "access_code_lifespan": "1m0s",
            "access_code_lifespan_login": "30m0s",
            "access_code_lifespan_user_action": "5m0s",
            "access_token_lifespan": "48h0m0s",
            "access_token_lifespan_for_implicit_flow": "15m0s",
            "account_theme": "",
            "action_token_generated_by_admin_lifespan": "12h0m0s",
            "action_token_generated_by_user_lifespan": "5m0s",
            "admin_theme": "",
            "attributes": null,
            "browser_flow": "browser",
            "client_authentication_flow": "clients",
            "client_session_idle_timeout": "0s",
            "client_session_max_lifespan": "0s",
            "default_default_client_scopes": null,
            "default_optional_client_scopes": null,
            "default_signature_algorithm": "",
            "direct_grant_flow": "direct grant",
            "display_name": "",
            "display_name_html": "",
            "docker_authentication_flow": "docker auth",
            "duplicate_emails_allowed": false,
            "edit_username_allowed": false,
            "email_theme": "",
            "enabled": true,
            "id": "credebl-platform",
            "internal_id": "credebl-platform",
            "internationalization": [],
            "login_theme": "",
            "login_with_email_allowed": false,
            "oauth2_device_code_lifespan": "10m0s",
            "oauth2_device_polling_interval": 5,
            "offline_session_idle_timeout": "720h0m0s",
            "offline_session_max_lifespan": "1440h0m0s",
            "offline_session_max_lifespan_enabled": false,
            "otp_policy": [
              {
                "algorithm": "HmacSHA1",
                "digits": 6,
                "initial_counter": 0,
                "look_ahead_window": 1,
                "period": 30,
                "type": "totp"
              }
            ],
            "password_policy": "",
            "realm": "credebl-platform",
            "refresh_token_max_reuse": 10,
            "registration_allowed": false,
            "registration_email_as_username": false,
            "registration_flow": "registration",
            "remember_me": false,
            "reset_credentials_flow": "reset credentials",
            "reset_password_allowed": false,
            "revoke_refresh_token": true,
            "security_defenses": [],
            "smtp_server": [],
            "ssl_required": "external",
            "sso_session_idle_timeout": "48h0m0s",
            "sso_session_idle_timeout_remember_me": "0s",
            "sso_session_max_lifespan": "10h0m0s",
            "sso_session_max_lifespan_remember_me": "0s",
            "user_managed_access": false,
            "verify_email": false,
            "web_authn_passwordless_policy": [
              {
                "acceptable_aaguids": [],
                "attestation_conveyance_preference": "not specified",
                "authenticator_attachment": "not specified",
                "avoid_same_authenticator_register": false,
                "create_timeout": 0,
                "relying_party_entity_name": "keycloak",
                "relying_party_id": "",
                "require_resident_key": "not specified",
                "signature_algorithms": [
                  "ES256"
                ],
                "user_verification_requirement": "not specified"
              }
            ],
            "web_authn_policy": [
              {
                "acceptable_aaguids": [],
                "attestation_conveyance_preference": "not specified",
                "authenticator_attachment": "not specified",
                "avoid_same_authenticator_register": false,
                "create_timeout": 0,
                "relying_party_entity_name": "keycloak",
                "relying_party_id": "",
                "require_resident_key": "not specified",
                "signature_algorithms": [
                  "ES256"
                ],
                "user_verification_requirement": "not specified"
              }
            ]
          },
          "sensitive_attributes": [],
          "identity_schema_version": 0,
          "private": "bnVsbA=="
        }
      ]
    },
    {
      "mode": "managed",
      "type": "keycloak_role",
      "name": "holder_role",
      "provider": "provider[\"registry.terraform.io/mrparkers/keycloak\"]",
      "instances": [
        {
          "schema_version": 0,
          "attributes": {
            "attributes": null,
            "client_id": "",
            "composite_roles": null,
            "description": "",
            "id": "a0f1315c-7307-40d3-b07b-435a0d30375b",
            "name": "holder",
            "realm_id": "credebl-platform"
          },
          "sensitive_attributes": [],
          "identity_schema_version": 0,
          "private": "bnVsbA==",
          "dependencies": [
            "keycloak_realm.my_realm"
          ]
        }
      ]
    },
    {
      "mode": "managed",
      "type": "local_file",
      "name": "env_file",
      "provider": "provider[\"registry.terraform.io/hashicorp/local\"]",
      "instances": [
        {
          "schema_version": 0,
          "attributes": {
            "content": "ADMIN_CLIENT_SECRET=iE5FAhdyBraFTWQtGrVGVTJd6gLHCUoH\n",
            "content_base64": null,
            "content_base64sha256": "WeDZg1Es9QfrX5r7YcZiX6rSGZ9cQb2HSSWEGuGIMeo=",
            "content_base64sha512": "spy3P5pGm3UXCY5v0ie/Z2/d4MGaOK4x+IxNEwKOxc1pZn7ezoOaZJ2DqFYRZqd+SHluGqX/sz5yFtDiyB2SpA==",
            "content_md5": "6d35e025dbb340672e527476f04dac85",
            "content_sha1": "1899125aebd508f48e857045d85a791793691517",
            "content_sha256": "59e0d983512cf507eb5f9afb61c6625faad2199f5c41bd874925841ae18831ea",
            "content_sha512": "b29cb73f9a469b7517098e6fd227bf676fdde0c19a38ae31f88c4d13028ec5cd69667edece839a649d83a8561166a77e48796e1aa5ffb33e7216d0e2c81d92a4",
            "directory_permission": "0777",
            "file_permission": "0777",
            "filename": "secret.env",
            "id": "1899125aebd508f48e857045d85a791793691517",
            "sensitive_content": null,
            "source": null
          },
          "sensitive_attributes": [
            [
              {
                "type": "get_attr",
                "value": "content"
              }
            ],
            [
              {
                "type": "get_attr",
                "value": "sensitive_content"
              }
            ]
          ],
          "identity_schema_version": 0,
          "dependencies": [
            "data.keycloak_openid_client.admin_client",
            "keycloak_openid_client.my_client",
            "keycloak_realm.my_realm"
          ]
        }
      ]
    }
  ],
  "check_results": null
}
